
Microsoft Visual Studio Solution File, Format Version 12.00
# Visual Studio Version 16
VisualStudioVersion = 16.0.30011.22
MinimumVisualStudioVersion = 10.0.40219.1
Project("{F184B08F-C81C-45F6-A57F-5ABD9991F28F}") = "TUPWLib", "TUPWLib\TUPWLib.vbproj", "{2E46A307-075E-4DC3-9D8A-F5FA7BA6ACD4}"
EndProject
Project("{F184B08F-C81C-45F6-A57F-5ABD9991F28F}") = "TUPWLibTest", "TUPWLibTest\TUPWLibTest.vbproj", "{49548E61-D3F6-4919-8EAC-1C528EF1DC01}"
EndProject
Project("{2150E333-8FDC-42A3-9474-1A3956D46DE8}") = "Solution Items", "Solution Items", "{EEA9BBB4-CEF4-47EF-BB4E-A5CC606D3A5B}"
	ProjectSection(SolutionItems) = preProject
		.editorconfig = .editorconfig
	EndProjectSection
EndProject
Global
	GlobalSection(SolutionConfigurationPlatforms) = preSolution
		Debug|Any CPU = Debug|Any CPU
		Debug|x64 = Debug|x64
		Release|Any CPU = Release|Any CPU
		Release|x64 = Release|x64
	EndGlobalSection
	GlobalSection(ProjectConfigurationPlatforms) = postSolution
		{2E46A307-075E-4DC3-9D8A-F5FA7BA6ACD4}.Debug|Any CPU.ActiveCfg = Debug|Any CPU
		{2E46A307-075E-4DC3-9D8A-F5FA7BA6ACD4}.Debug|Any CPU.Build.0 = Debug|Any CPU
		{2E46A307-075E-4DC3-9D8A-F5FA7BA6ACD4}.Debug|x64.ActiveCfg = Debug|x64
		{2E46A307-075E-4DC3-9D8A-F5FA7BA6ACD4}.Debug|x64.Build.0 = Debug|x64
		{2E46A307-075E-4DC3-9D8A-F5FA7BA6ACD4}.Release|Any CPU.ActiveCfg = Release|Any CPU
		{2E46A307-075E-4DC3-9D8A-F5FA7BA6ACD4}.Release|Any CPU.Build.0 = Release|Any CPU
		{2E46A307-075E-4DC3-9D8A-F5FA7BA6ACD4}.Release|x64.ActiveCfg = Release|x64
		{2E46A307-075E-4DC3-9D8A-F5FA7BA6ACD4}.Release|x64.Build.0 = Release|x64
		{49548E61-D3F6-4919-8EAC-1C528EF1DC01}.Debug|Any CPU.ActiveCfg = Debug|Any CPU
		{49548E61-D3F6-4919-8EAC-1C528EF1DC01}.Debug|Any CPU.Build.0 = Debug|Any CPU
		{49548E61-D3F6-4919-8EAC-1C528EF1DC01}.Debug|x64.ActiveCfg = Debug|x64
		{49548E61-D3F6-4919-8EAC-1C528EF1DC01}.Debug|x64.Build.0 = Debug|x64
		{49548E61-D3F6-4919-8EAC-1C528EF1DC01}.Release|Any CPU.ActiveCfg = Release|Any CPU
		{49548E61-D3F6-4919-8EAC-1C528EF1DC01}.Release|Any CPU.Build.0 = Release|Any CPU
		{49548E61-D3F6-4919-8EAC-1C528EF1DC01}.Release|x64.ActiveCfg = Release|x64
		{49548E61-D3F6-4919-8EAC-1C528EF1DC01}.Release|x64.Build.0 = Release|x64
	EndGlobalSection
	GlobalSection(SolutionProperties) = preSolution
		HideSolutionNode = FALSE
	EndGlobalSection
	GlobalSection(ExtensibilityGlobals) = postSolution
		SolutionGuid = {8449638C-107A-46AD-90C3-88AF0722DEFF}
	EndGlobalSection
EndGlobal
